
Microsoft Visual Studio Solution File, Format Version 12.00
# Visual Studio 2012
Project("{8BC9CEB8-8B4A-11D0-8D11-00A0C91BC942}") = "Ilands", "Ilands\Ilands.vcxproj", "{AACED488-2F12-4F5C-AC54-29BCA2FB0F2A}"
EndProject
Global
	GlobalSection(SolutionConfigurationPlatforms) = preSolution
		Debug|Win32 = Debug|Win32
		Release|Win32 = Release|Win32
	EndGlobalSection
	GlobalSection(ProjectConfigurationPlatforms) = postSolution
		{AACED488-2F12-4F5C-AC54-29BCA2FB0F2A}.Debug|Win32.ActiveCfg = Debug|Win32
		{AACED488-2F12-4F5C-AC54-29BCA2FB0F2A}.Debug|Win32.Build.0 = Debug|Win32
		{AACED488-2F12-4F5C-AC54-29BCA2FB0F2A}.Release|Win32.ActiveCfg = Release|Win32
		{AACED488-2F12-4F5C-AC54-29BCA2FB0F2A}.Release|Win32.Build.0 = Release|Win32
	EndGlobalSection
	GlobalSection(SolutionProperties) = preSolution
		HideSolutionNode = FALSE
	EndGlobalSection
EndGlobal
